
Microsoft Visual Studio Solution File, Format Version 12.00
# Visual Studio Version 17
VisualStudioVersion = 17.2.32616.157
MinimumVisualStudioVersion = 10.0.40219.1
Project("{9A19103F-16F7-4668-BE54-9A1E7A4F7556}") = "Entities", "Entities\Entities.csproj", "{2A7F9BA5-44FE-4834-8B03-D60CF11AE1EF}"
EndProject
Project("{9A19103F-16F7-4668-BE54-9A1E7A4F7556}") = "DataAccess", "DataAccess\DataAccess.csproj", "{7FCB0A25-3573-415E-BF48-E41B673DAC8C}"
EndProject
Project("{9A19103F-16F7-4668-BE54-9A1E7A4F7556}") = "Business", "Business\Business.csproj", "{D6894FEB-3EF6-4980-B5DE-1A908DDAFD5F}"
EndProject
Project("{9A19103F-16F7-4668-BE54-9A1E7A4F7556}") = "ConsoleUI", "ConsoleUI\ConsoleUI.csproj", "{9A39F660-17FC-452D-8DF4-0F500133D42B}"
EndProject
Project("{9A19103F-16F7-4668-BE54-9A1E7A4F7556}") = "Core", "Core\Core.csproj", "{30DCBA5B-9E4B-4DFF-BBBD-33F969FE7A30}"
EndProject
Project("{FAE04EC0-301F-11D3-BF4B-00C04F79EFBC}") = "WebAPI", "WebAPI\WebAPI.csproj", "{FDF22ED9-5816-4B9F-958F-1C918D897176}"
EndProject
Global
	GlobalSection(SolutionConfigurationPlatforms) = preSolution
		Debug|Any CPU = Debug|Any CPU
		Release|Any CPU = Release|Any CPU
	EndGlobalSection
	GlobalSection(ProjectConfigurationPlatforms) = postSolution
		{2A7F9BA5-44FE-4834-8B03-D60CF11AE1EF}.Debug|Any CPU.ActiveCfg = Debug|Any CPU
		{2A7F9BA5-44FE-4834-8B03-D60CF11AE1EF}.Debug|Any CPU.Build.0 = Debug|Any CPU
		{2A7F9BA5-44FE-4834-8B03-D60CF11AE1EF}.Release|Any CPU.ActiveCfg = Release|Any CPU
		{2A7F9BA5-44FE-4834-8B03-D60CF11AE1EF}.Release|Any CPU.Build.0 = Release|Any CPU
		{7FCB0A25-3573-415E-BF48-E41B673DAC8C}.Debug|Any CPU.ActiveCfg = Debug|Any CPU
		{7FCB0A25-3573-415E-BF48-E41B673DAC8C}.Debug|Any CPU.Build.0 = Debug|Any CPU
		{7FCB0A25-3573-415E-BF48-E41B673DAC8C}.Release|Any CPU.ActiveCfg = Release|Any CPU
		{7FCB0A25-3573-415E-BF48-E41B673DAC8C}.Release|Any CPU.Build.0 = Release|Any CPU
		{D6894FEB-3EF6-4980-B5DE-1A908DDAFD5F}.Debug|Any CPU.ActiveCfg = Debug|Any CPU
		{D6894FEB-3EF6-4980-B5DE-1A908DDAFD5F}.Debug|Any CPU.Build.0 = Debug|Any CPU
		{D6894FEB-3EF6-4980-B5DE-1A908DDAFD5F}.Release|Any CPU.ActiveCfg = Release|Any CPU
		{D6894FEB-3EF6-4980-B5DE-1A908DDAFD5F}.Release|Any CPU.Build.0 = Release|Any CPU
		{9A39F660-17FC-452D-8DF4-0F500133D42B}.Debug|Any CPU.ActiveCfg = Debug|Any CPU
		{9A39F660-17FC-452D-8DF4-0F500133D42B}.Debug|Any CPU.Build.0 = Debug|Any CPU
		{9A39F660-17FC-452D-8DF4-0F500133D42B}.Release|Any CPU.ActiveCfg = Release|Any CPU
		{9A39F660-17FC-452D-8DF4-0F500133D42B}.Release|Any CPU.Build.0 = Release|Any CPU
		{30DCBA5B-9E4B-4DFF-BBBD-33F969FE7A30}.Debug|Any CPU.ActiveCfg = Debug|Any CPU
		{30DCBA5B-9E4B-4DFF-BBBD-33F969FE7A30}.Debug|Any CPU.Build.0 = Debug|Any CPU
		{30DCBA5B-9E4B-4DFF-BBBD-33F969FE7A30}.Release|Any CPU.ActiveCfg = Release|Any CPU
		{30DCBA5B-9E4B-4DFF-BBBD-33F969FE7A30}.Release|Any CPU.Build.0 = Release|Any CPU
		{FDF22ED9-5816-4B9F-958F-1C918D897176}.Debug|Any CPU.ActiveCfg = Debug|Any CPU
		{FDF22ED9-5816-4B9F-958F-1C918D897176}.Debug|Any CPU.Build.0 = Debug|Any CPU
		{FDF22ED9-5816-4B9F-958F-1C918D897176}.Release|Any CPU.ActiveCfg = Release|Any CPU
		{FDF22ED9-5816-4B9F-958F-1C918D897176}.Release|Any CPU.Build.0 = Release|Any CPU
	EndGlobalSection
	GlobalSection(SolutionProperties) = preSolution
		HideSolutionNode = FALSE
	EndGlobalSection
	GlobalSection(ExtensibilityGlobals) = postSolution
		SolutionGuid = {11EDB829-696A-49A0-A9AD-37C5995D1E66}
	EndGlobalSection
EndGlobal
